
Microsoft Visual Studio Solution File, Format Version 12.00
# Visual Studio Version 16
VisualStudioVersion = 16.0.29920.165
MinimumVisualStudioVersion = 10.0.40219.1
Project("{FAE04EC0-301F-11D3-BF4B-00C04F79EFBC}") = "StartSportStore", "StartSportStore\StartSportStore.csproj", "{E65E8631-1A05-473B-AB8D-D58F8A2B4A26}"
EndProject
Global
	GlobalSection(SolutionConfigurationPlatforms) = preSolution
		Debug|Any CPU = Debug|Any CPU
		Release|Any CPU = Release|Any CPU
	EndGlobalSection
	GlobalSection(ProjectConfigurationPlatforms) = postSolution
		{E65E8631-1A05-473B-AB8D-D58F8A2B4A26}.Debug|Any CPU.ActiveCfg = Debug|Any CPU
		{E65E8631-1A05-473B-AB8D-D58F8A2B4A26}.Debug|Any CPU.Build.0 = Debug|Any CPU
		{E65E8631-1A05-473B-AB8D-D58F8A2B4A26}.Release|Any CPU.ActiveCfg = Release|Any CPU
		{E65E8631-1A05-473B-AB8D-D58F8A2B4A26}.Release|Any CPU.Build.0 = Release|Any CPU
	EndGlobalSection
	GlobalSection(SolutionProperties) = preSolution
		HideSolutionNode = FALSE
	EndGlobalSection
	GlobalSection(ExtensibilityGlobals) = postSolution
		SolutionGuid = {6AEFAD3C-A5EA-4221-863B-3D8C2F8EB0DA}
	EndGlobalSection
EndGlobal
